<?xml version="1.0" encoding="UTF-8"?>
<Project ToolsVersion="12.0" xmlns="http://schemas.microsoft.com/developer/msbuild/2003">
  <ItemGroup>
    <CustomBuild Include="C:\Users\tbalz_000\git\Civ-Clone\Dependencies\c\sfml\SFML-2.3.1\CMakeFiles\9ab23337e888c46629713339551728dc\INSTALL_force.rule">
      <Filter>CMake Rules</Filter>
    </CustomBuild>
  </ItemGroup>
  <ItemGroup>
    <Filter Include="CMake Rules">
      <UniqueIdentifier>{A13749BA-C3FC-4D63-AEFB-4B6303A7D103}</UniqueIdentifier>
    </Filter>
  </ItemGroup>
</Project>
