Microsoft Visual Studio Solution File, Format Version 12.00
# Visual Studio 2013
Project("{8BC9CEB8-8B4A-11D0-8D11-00A0C91BC942}") = "ALL_BUILD", "ALL_BUILD.vcxproj", "{5DD4737F-80F0-4239-986F-B89BE01FEEB6}"
	ProjectSection(ProjectDependencies) = postProject
		{F6620D93-4AB2-43C2-AE7D-3DF201D4699C} = {F6620D93-4AB2-43C2-AE7D-3DF201D4699C}
		{A0628331-EB44-4E08-AD49-DB514F4A4AB4} = {A0628331-EB44-4E08-AD49-DB514F4A4AB4}
		{A7F7B55F-86AF-4BA6-86AF-C1EA18C20AC9} = {A7F7B55F-86AF-4BA6-86AF-C1EA18C20AC9}
		{1A81ACE1-D855-4E4D-9604-C7C1D35F8790} = {1A81ACE1-D855-4E4D-9604-C7C1D35F8790}
		{124D50AC-8330-4ED7-BF5C-0DEEB0ADFF50} = {124D50AC-8330-4ED7-BF5C-0DEEB0ADFF50}
		{B3EF8F54-AFF8-4F3B-8796-0FFA1913E3D1} = {B3EF8F54-AFF8-4F3B-8796-0FFA1913E3D1}
		{3E180A35-5B12-43DA-B89D-1BDD6F0E4F09} = {3E180A35-5B12-43DA-B89D-1BDD6F0E4F09}
	EndProjectSection
EndProject
Project("{8BC9CEB8-8B4A-11D0-8D11-00A0C91BC942}") = "INSTALL", "INSTALL.vcxproj", "{B9C4D9E8-E253-44A4-B78B-D27A4F6DC2F8}"
	ProjectSection(ProjectDependencies) = postProject
		{5DD4737F-80F0-4239-986F-B89BE01FEEB6} = {5DD4737F-80F0-4239-986F-B89BE01FEEB6}
	EndProjectSection
EndProject
Project("{8BC9CEB8-8B4A-11D0-8D11-00A0C91BC942}") = "ZERO_CHECK", "ZERO_CHECK.vcxproj", "{F6620D93-4AB2-43C2-AE7D-3DF201D4699C}"
	ProjectSection(ProjectDependencies) = postProject
	EndProjectSection
EndProject
Project("{8BC9CEB8-8B4A-11D0-8D11-00A0C91BC942}") = "sfml-audio", "src\SFML\Audio\sfml-audio.vcxproj", "{A0628331-EB44-4E08-AD49-DB514F4A4AB4}"
	ProjectSection(ProjectDependencies) = postProject
		{F6620D93-4AB2-43C2-AE7D-3DF201D4699C} = {F6620D93-4AB2-43C2-AE7D-3DF201D4699C}
		{B3EF8F54-AFF8-4F3B-8796-0FFA1913E3D1} = {B3EF8F54-AFF8-4F3B-8796-0FFA1913E3D1}
	EndProjectSection
EndProject
Project("{8BC9CEB8-8B4A-11D0-8D11-00A0C91BC942}") = "sfml-graphics", "src\SFML\Graphics\sfml-graphics.vcxproj", "{A7F7B55F-86AF-4BA6-86AF-C1EA18C20AC9}"
	ProjectSection(ProjectDependencies) = postProject
		{F6620D93-4AB2-43C2-AE7D-3DF201D4699C} = {F6620D93-4AB2-43C2-AE7D-3DF201D4699C}
		{B3EF8F54-AFF8-4F3B-8796-0FFA1913E3D1} = {B3EF8F54-AFF8-4F3B-8796-0FFA1913E3D1}
		{3E180A35-5B12-43DA-B89D-1BDD6F0E4F09} = {3E180A35-5B12-43DA-B89D-1BDD6F0E4F09}
	EndProjectSection
EndProject
Project("{8BC9CEB8-8B4A-11D0-8D11-00A0C91BC942}") = "sfml-main", "src\SFML\Main\sfml-main.vcxproj", "{1A81ACE1-D855-4E4D-9604-C7C1D35F8790}"
	ProjectSection(ProjectDependencies) = postProject
		{F6620D93-4AB2-43C2-AE7D-3DF201D4699C} = {F6620D93-4AB2-43C2-AE7D-3DF201D4699C}
	EndProjectSection
EndProject
Project("{8BC9CEB8-8B4A-11D0-8D11-00A0C91BC942}") = "sfml-network", "src\SFML\Network\sfml-network.vcxproj", "{124D50AC-8330-4ED7-BF5C-0DEEB0ADFF50}"
	ProjectSection(ProjectDependencies) = postProject
		{F6620D93-4AB2-43C2-AE7D-3DF201D4699C} = {F6620D93-4AB2-43C2-AE7D-3DF201D4699C}
		{B3EF8F54-AFF8-4F3B-8796-0FFA1913E3D1} = {B3EF8F54-AFF8-4F3B-8796-0FFA1913E3D1}
	EndProjectSection
EndProject
Project("{8BC9CEB8-8B4A-11D0-8D11-00A0C91BC942}") = "sfml-system", "src\SFML\System\sfml-system.vcxproj", "{B3EF8F54-AFF8-4F3B-8796-0FFA1913E3D1}"
	ProjectSection(ProjectDependencies) = postProject
		{F6620D93-4AB2-43C2-AE7D-3DF201D4699C} = {F6620D93-4AB2-43C2-AE7D-3DF201D4699C}
	EndProjectSection
EndProject
Project("{8BC9CEB8-8B4A-11D0-8D11-00A0C91BC942}") = "sfml-window", "src\SFML\Window\sfml-window.vcxproj", "{3E180A35-5B12-43DA-B89D-1BDD6F0E4F09}"
	ProjectSection(ProjectDependencies) = postProject
		{F6620D93-4AB2-43C2-AE7D-3DF201D4699C} = {F6620D93-4AB2-43C2-AE7D-3DF201D4699C}
		{B3EF8F54-AFF8-4F3B-8796-0FFA1913E3D1} = {B3EF8F54-AFF8-4F3B-8796-0FFA1913E3D1}
	EndProjectSection
EndProject
Project("{2150E333-8FDC-42A3-9474-1A3956D46DE8}") = "CMake", "CMake", "{F621EC65-4987-4768-8C80-41F05649D15B}"
EndProject
Project("{2150E333-8FDC-42A3-9474-1A3956D46DE8}") = "SFML", "SFML", "{4D39A6AD-F879-4FDA-9C2B-E0BD847D65C7}"
EndProject
Global
	GlobalSection(SolutionConfigurationPlatforms) = preSolution
		Debug|Win32 = Debug|Win32
		Release|Win32 = Release|Win32
		MinSizeRel|Win32 = MinSizeRel|Win32
		RelWithDebInfo|Win32 = RelWithDebInfo|Win32
	EndGlobalSection
	GlobalSection(ProjectConfigurationPlatforms) = postSolution
		{5DD4737F-80F0-4239-986F-B89BE01FEEB6}.Debug|Win32.ActiveCfg = Debug|Win32
		{5DD4737F-80F0-4239-986F-B89BE01FEEB6}.Debug|Win32.Build.0 = Debug|Win32
		{5DD4737F-80F0-4239-986F-B89BE01FEEB6}.Release|Win32.ActiveCfg = Release|Win32
		{5DD4737F-80F0-4239-986F-B89BE01FEEB6}.Release|Win32.Build.0 = Release|Win32
		{5DD4737F-80F0-4239-986F-B89BE01FEEB6}.MinSizeRel|Win32.ActiveCfg = MinSizeRel|Win32
		{5DD4737F-80F0-4239-986F-B89BE01FEEB6}.MinSizeRel|Win32.Build.0 = MinSizeRel|Win32
		{5DD4737F-80F0-4239-986F-B89BE01FEEB6}.RelWithDebInfo|Win32.ActiveCfg = RelWithDebInfo|Win32
		{5DD4737F-80F0-4239-986F-B89BE01FEEB6}.RelWithDebInfo|Win32.Build.0 = RelWithDebInfo|Win32
		{B9C4D9E8-E253-44A4-B78B-D27A4F6DC2F8}.Debug|Win32.ActiveCfg = Debug|Win32
		{B9C4D9E8-E253-44A4-B78B-D27A4F6DC2F8}.Release|Win32.ActiveCfg = Release|Win32
		{B9C4D9E8-E253-44A4-B78B-D27A4F6DC2F8}.MinSizeRel|Win32.ActiveCfg = MinSizeRel|Win32
		{B9C4D9E8-E253-44A4-B78B-D27A4F6DC2F8}.RelWithDebInfo|Win32.ActiveCfg = RelWithDebInfo|Win32
		{F6620D93-4AB2-43C2-AE7D-3DF201D4699C}.Debug|Win32.ActiveCfg = Debug|Win32
		{F6620D93-4AB2-43C2-AE7D-3DF201D4699C}.Debug|Win32.Build.0 = Debug|Win32
		{F6620D93-4AB2-43C2-AE7D-3DF201D4699C}.Release|Win32.ActiveCfg = Release|Win32
		{F6620D93-4AB2-43C2-AE7D-3DF201D4699C}.Release|Win32.Build.0 = Release|Win32
		{F6620D93-4AB2-43C2-AE7D-3DF201D4699C}.MinSizeRel|Win32.ActiveCfg = MinSizeRel|Win32
		{F6620D93-4AB2-43C2-AE7D-3DF201D4699C}.MinSizeRel|Win32.Build.0 = MinSizeRel|Win32
		{F6620D93-4AB2-43C2-AE7D-3DF201D4699C}.RelWithDebInfo|Win32.ActiveCfg = RelWithDebInfo|Win32
		{F6620D93-4AB2-43C2-AE7D-3DF201D4699C}.RelWithDebInfo|Win32.Build.0 = RelWithDebInfo|Win32
		{A0628331-EB44-4E08-AD49-DB514F4A4AB4}.Debug|Win32.ActiveCfg = Debug|Win32
		{A0628331-EB44-4E08-AD49-DB514F4A4AB4}.Debug|Win32.Build.0 = Debug|Win32
		{A0628331-EB44-4E08-AD49-DB514F4A4AB4}.Release|Win32.ActiveCfg = Release|Win32
		{A0628331-EB44-4E08-AD49-DB514F4A4AB4}.Release|Win32.Build.0 = Release|Win32
		{A0628331-EB44-4E08-AD49-DB514F4A4AB4}.MinSizeRel|Win32.ActiveCfg = MinSizeRel|Win32
		{A0628331-EB44-4E08-AD49-DB514F4A4AB4}.MinSizeRel|Win32.Build.0 = MinSizeRel|Win32
		{A0628331-EB44-4E08-AD49-DB514F4A4AB4}.RelWithDebInfo|Win32.ActiveCfg = RelWithDebInfo|Win32
		{A0628331-EB44-4E08-AD49-DB514F4A4AB4}.RelWithDebInfo|Win32.Build.0 = RelWithDebInfo|Win32
		{A7F7B55F-86AF-4BA6-86AF-C1EA18C20AC9}.Debug|Win32.ActiveCfg = Debug|Win32
		{A7F7B55F-86AF-4BA6-86AF-C1EA18C20AC9}.Debug|Win32.Build.0 = Debug|Win32
		{A7F7B55F-86AF-4BA6-86AF-C1EA18C20AC9}.Release|Win32.ActiveCfg = Release|Win32
		{A7F7B55F-86AF-4BA6-86AF-C1EA18C20AC9}.Release|Win32.Build.0 = Release|Win32
		{A7F7B55F-86AF-4BA6-86AF-C1EA18C20AC9}.MinSizeRel|Win32.ActiveCfg = MinSizeRel|Win32
		{A7F7B55F-86AF-4BA6-86AF-C1EA18C20AC9}.MinSizeRel|Win32.Build.0 = MinSizeRel|Win32
		{A7F7B55F-86AF-4BA6-86AF-C1EA18C20AC9}.RelWithDebInfo|Win32.ActiveCfg = RelWithDebInfo|Win32
		{A7F7B55F-86AF-4BA6-86AF-C1EA18C20AC9}.RelWithDebInfo|Win32.Build.0 = RelWithDebInfo|Win32
		{1A81ACE1-D855-4E4D-9604-C7C1D35F8790}.Debug|Win32.ActiveCfg = Debug|Win32
		{1A81ACE1-D855-4E4D-9604-C7C1D35F8790}.Debug|Win32.Build.0 = Debug|Win32
		{1A81ACE1-D855-4E4D-9604-C7C1D35F8790}.Release|Win32.ActiveCfg = Release|Win32
		{1A81ACE1-D855-4E4D-9604-C7C1D35F8790}.Release|Win32.Build.0 = Release|Win32
		{1A81ACE1-D855-4E4D-9604-C7C1D35F8790}.MinSizeRel|Win32.ActiveCfg = MinSizeRel|Win32
		{1A81ACE1-D855-4E4D-9604-C7C1D35F8790}.MinSizeRel|Win32.Build.0 = MinSizeRel|Win32
		{1A81ACE1-D855-4E4D-9604-C7C1D35F8790}.RelWithDebInfo|Win32.ActiveCfg = RelWithDebInfo|Win32
		{1A81ACE1-D855-4E4D-9604-C7C1D35F8790}.RelWithDebInfo|Win32.Build.0 = RelWithDebInfo|Win32
		{124D50AC-8330-4ED7-BF5C-0DEEB0ADFF50}.Debug|Win32.ActiveCfg = Debug|Win32
		{124D50AC-8330-4ED7-BF5C-0DEEB0ADFF50}.Debug|Win32.Build.0 = Debug|Win32
		{124D50AC-8330-4ED7-BF5C-0DEEB0ADFF50}.Release|Win32.ActiveCfg = Release|Win32
		{124D50AC-8330-4ED7-BF5C-0DEEB0ADFF50}.Release|Win32.Build.0 = Release|Win32
		{124D50AC-8330-4ED7-BF5C-0DEEB0ADFF50}.MinSizeRel|Win32.ActiveCfg = MinSizeRel|Win32
		{124D50AC-8330-4ED7-BF5C-0DEEB0ADFF50}.MinSizeRel|Win32.Build.0 = MinSizeRel|Win32
		{124D50AC-8330-4ED7-BF5C-0DEEB0ADFF50}.RelWithDebInfo|Win32.ActiveCfg = RelWithDebInfo|Win32
		{124D50AC-8330-4ED7-BF5C-0DEEB0ADFF50}.RelWithDebInfo|Win32.Build.0 = RelWithDebInfo|Win32
		{B3EF8F54-AFF8-4F3B-8796-0FFA1913E3D1}.Debug|Win32.ActiveCfg = Debug|Win32
		{B3EF8F54-AFF8-4F3B-8796-0FFA1913E3D1}.Debug|Win32.Build.0 = Debug|Win32
		{B3EF8F54-AFF8-4F3B-8796-0FFA1913E3D1}.Release|Win32.ActiveCfg = Release|Win32
		{B3EF8F54-AFF8-4F3B-8796-0FFA1913E3D1}.Release|Win32.Build.0 = Release|Win32
		{B3EF8F54-AFF8-4F3B-8796-0FFA1913E3D1}.MinSizeRel|Win32.ActiveCfg = MinSizeRel|Win32
		{B3EF8F54-AFF8-4F3B-8796-0FFA1913E3D1}.MinSizeRel|Win32.Build.0 = MinSizeRel|Win32
		{B3EF8F54-AFF8-4F3B-8796-0FFA1913E3D1}.RelWithDebInfo|Win32.ActiveCfg = RelWithDebInfo|Win32
		{B3EF8F54-AFF8-4F3B-8796-0FFA1913E3D1}.RelWithDebInfo|Win32.Build.0 = RelWithDebInfo|Win32
		{3E180A35-5B12-43DA-B89D-1BDD6F0E4F09}.Debug|Win32.ActiveCfg = Debug|Win32
		{3E180A35-5B12-43DA-B89D-1BDD6F0E4F09}.Debug|Win32.Build.0 = Debug|Win32
		{3E180A35-5B12-43DA-B89D-1BDD6F0E4F09}.Release|Win32.ActiveCfg = Release|Win32
		{3E180A35-5B12-43DA-B89D-1BDD6F0E4F09}.Release|Win32.Build.0 = Release|Win32
		{3E180A35-5B12-43DA-B89D-1BDD6F0E4F09}.MinSizeRel|Win32.ActiveCfg = MinSizeRel|Win32
		{3E180A35-5B12-43DA-B89D-1BDD6F0E4F09}.MinSizeRel|Win32.Build.0 = MinSizeRel|Win32
		{3E180A35-5B12-43DA-B89D-1BDD6F0E4F09}.RelWithDebInfo|Win32.ActiveCfg = RelWithDebInfo|Win32
		{3E180A35-5B12-43DA-B89D-1BDD6F0E4F09}.RelWithDebInfo|Win32.Build.0 = RelWithDebInfo|Win32
	EndGlobalSection
	GlobalSection(NestedProjects) = preSolution
		{B9C4D9E8-E253-44A4-B78B-D27A4F6DC2F8} = {F621EC65-4987-4768-8C80-41F05649D15B}
		{F6620D93-4AB2-43C2-AE7D-3DF201D4699C} = {F621EC65-4987-4768-8C80-41F05649D15B}
		{A0628331-EB44-4E08-AD49-DB514F4A4AB4} = {4D39A6AD-F879-4FDA-9C2B-E0BD847D65C7}
		{A7F7B55F-86AF-4BA6-86AF-C1EA18C20AC9} = {4D39A6AD-F879-4FDA-9C2B-E0BD847D65C7}
		{1A81ACE1-D855-4E4D-9604-C7C1D35F8790} = {4D39A6AD-F879-4FDA-9C2B-E0BD847D65C7}
		{124D50AC-8330-4ED7-BF5C-0DEEB0ADFF50} = {4D39A6AD-F879-4FDA-9C2B-E0BD847D65C7}
		{B3EF8F54-AFF8-4F3B-8796-0FFA1913E3D1} = {4D39A6AD-F879-4FDA-9C2B-E0BD847D65C7}
		{3E180A35-5B12-43DA-B89D-1BDD6F0E4F09} = {4D39A6AD-F879-4FDA-9C2B-E0BD847D65C7}
	EndGlobalSection
	GlobalSection(ExtensibilityGlobals) = postSolution
	EndGlobalSection
	GlobalSection(ExtensibilityAddIns) = postSolution
	EndGlobalSection
EndGlobal
